Microsoft Visual Studio Solution File, Format Version 11.00
# Visual Studio 2008

Project("{6E63F7AC-ADF3-FE46-37EC-A9C33D8B75E7}") = "Jewel Match", "Assembly-CSharp-firstpass.csproj", "{93872E4D-327E-14F2-3EF4-B52D6E361BDD}"
EndProject
Project("{6E63F7AC-ADF3-FE46-37EC-A9C33D8B75E7}") = "Jewel Match", "Assembly-CSharp.csproj", "{D89CCB6C-A37B-DB6E-0FF5-5EF952E69378}"
EndProject
Project("{6E63F7AC-ADF3-FE46-37EC-A9C33D8B75E7}") = "Jewel Match", "Assembly-CSharp-Editor.csproj", "{0B478264-6DD2-02ED-7099-496903307BAC}"
EndProject
Project("{6E63F7AC-ADF3-FE46-37EC-A9C33D8B75E7}") = "Jewel Match", "Assembly-UnityScript.unityproj", "{553ABD25-71A5-782A-7DBF-744A29F2DA64}"
EndProject
Global
	GlobalSection(SolutionConfigurationPlatforms) = preSolution
		Debug|Any CPU = Debug|Any CPU
		Release|Any CPU = Release|Any CPU
	EndGlobalSection
	GlobalSection(ProjectConfigurationPlatforms) = postSolution
		{93872E4D-327E-14F2-3EF4-B52D6E361BDD}.Debug|Any CPU.ActiveCfg = Debug|Any CPU
		{93872E4D-327E-14F2-3EF4-B52D6E361BDD}.Debug|Any CPU.Build.0 = Debug|Any CPU
		{93872E4D-327E-14F2-3EF4-B52D6E361BDD}.Release|Any CPU.ActiveCfg = Release|Any CPU
		{93872E4D-327E-14F2-3EF4-B52D6E361BDD}.Release|Any CPU.Build.0 = Release|Any CPU
		{D89CCB6C-A37B-DB6E-0FF5-5EF952E69378}.Debug|Any CPU.ActiveCfg = Debug|Any CPU
		{D89CCB6C-A37B-DB6E-0FF5-5EF952E69378}.Debug|Any CPU.Build.0 = Debug|Any CPU
		{D89CCB6C-A37B-DB6E-0FF5-5EF952E69378}.Release|Any CPU.ActiveCfg = Release|Any CPU
		{D89CCB6C-A37B-DB6E-0FF5-5EF952E69378}.Release|Any CPU.Build.0 = Release|Any CPU
		{0B478264-6DD2-02ED-7099-496903307BAC}.Debug|Any CPU.ActiveCfg = Debug|Any CPU
		{0B478264-6DD2-02ED-7099-496903307BAC}.Debug|Any CPU.Build.0 = Debug|Any CPU
		{0B478264-6DD2-02ED-7099-496903307BAC}.Release|Any CPU.ActiveCfg = Release|Any CPU
		{0B478264-6DD2-02ED-7099-496903307BAC}.Release|Any CPU.Build.0 = Release|Any CPU
		{553ABD25-71A5-782A-7DBF-744A29F2DA64}.Debug|Any CPU.ActiveCfg = Debug|Any CPU
		{553ABD25-71A5-782A-7DBF-744A29F2DA64}.Debug|Any CPU.Build.0 = Debug|Any CPU
		{553ABD25-71A5-782A-7DBF-744A29F2DA64}.Release|Any CPU.ActiveCfg = Release|Any CPU
		{553ABD25-71A5-782A-7DBF-744A29F2DA64}.Release|Any CPU.Build.0 = Release|Any CPU
	EndGlobalSection
	GlobalSection(SolutionProperties) = preSolution
		HideSolutionNode = FALSE
	EndGlobalSection
					GlobalSection(MonoDevelopProperties) = preSolution
		StartupItem = Assembly-CSharp.csproj
		Policies = $0
		$0.TextStylePolicy = $1
		$1.inheritsSet = null
		$1.scope = text/x-csharp
		$0.CSharpFormattingPolicy = $2
		$2.inheritsSet = Mono
		$2.inheritsScope = text/x-csharp
		$2.scope = text/x-csharp
		$0.TextStylePolicy = $3
		$3.FileWidth = 120
		$3.TabWidth = 4
		$3.EolMarker = Unix
		$3.inheritsSet = Mono
		$3.inheritsScope = text/plain
		$3.scope = text/plain
	EndGlobalSection

EndGlobal
